
Microsoft Visual Studio Solution File, Format Version 12.00
# Visual Studio Version 16
VisualStudioVersion = 16.0.29020.237
MinimumVisualStudioVersion = 10.0.40219.1
Project("{8BC9CEB8-8B4A-11D0-8D11-00A0C91BC942}") = "Project2", "Project2.vcxproj", "{4CF2645E-4B93-4C43-8A01-6ABA618758D1}"
EndProject
Global
	GlobalSection(SolutionConfigurationPlatforms) = preSolution
		Debug|x64 = Debug|x64
		Debug|x86 = Debug|x86
		Release|x64 = Release|x64
		Release|x86 = Release|x86
	EndGlobalSection
	GlobalSection(ProjectConfigurationPlatforms) = postSolution
		{4CF2645E-4B93-4C43-8A01-6ABA618758D1}.Debug|x64.ActiveCfg = Debug|x64
		{4CF2645E-4B93-4C43-8A01-6ABA618758D1}.Debug|x64.Build.0 = Debug|x64
		{4CF2645E-4B93-4C43-8A01-6ABA618758D1}.Debug|x86.ActiveCfg = Debug|Win32
		{4CF2645E-4B93-4C43-8A01-6ABA618758D1}.Debug|x86.Build.0 = Debug|Win32
		{4CF2645E-4B93-4C43-8A01-6ABA618758D1}.Release|x64.ActiveCfg = Release|x64
		{4CF2645E-4B93-4C43-8A01-6ABA618758D1}.Release|x64.Build.0 = Release|x64
		{4CF2645E-4B93-4C43-8A01-6ABA618758D1}.Release|x86.ActiveCfg = Release|Win32
		{4CF2645E-4B93-4C43-8A01-6ABA618758D1}.Release|x86.Build.0 = Release|Win32
	EndGlobalSection
	GlobalSection(SolutionProperties) = preSolution
		HideSolutionNode = FALSE
	EndGlobalSection
	GlobalSection(ExtensibilityGlobals) = postSolution
		SolutionGuid = {749852ED-DC6A-413B-A03C-AA881710A8A9}
	EndGlobalSection
EndGlobal
